PODS:
  - Flutter (1.0.0)
  - PayPal/CardPayments (2.0.1):
    - PayPal/CorePayments
  - PayPal/CorePayments (2.0.1)
  - PayPal/PayPalWebPayments (2.0.1):
    - PayPal/CorePayments
  - paypal_checkout_flutter (0.0.1):
    - Flutter
    - PayPal/CardPayments (~> 2.0)
    - PayPal/CorePayments (~> 2.0)
    - PayPal/PayPalWebPayments (~> 2.0)

DEPENDENCIES:
  - Flutter (from `Flutter`)
  - paypal_checkout_flutter (from `.symlinks/plugins/paypal_checkout_flutter/ios`)

SPEC REPOS:
  trunk:
    - PayPal

EXTERNAL SOURCES:
  Flutter:
    :path: Flutter
  paypal_checkout_flutter:
    :path: ".symlinks/plugins/paypal_checkout_flutter/ios"

SPEC CHECKSUMS:
  Flutter: cabc95a1d2626b1b06e7179b784ebcf0c0cde467
  PayPal: 20b107dd206d8445286817672ddfe261f4d5b781
  paypal_checkout_flutter: 1658264d2f8c949208bf6bdbcf73c821b01c9b1c

PODFILE CHECKSUM: e30f02f9d1c72c47bb6344a0a748c9d268180865

COCOAPODS: 1.16.2
